
Microsoft Visual Studio Solution File, Format Version 12.00
# Visual Studio Version 17
VisualStudioVersion = 17.11.35431.28
MinimumVisualStudioVersion = 10.0.40219.1
Project("{FAE04EC0-301F-11D3-BF4B-00C04F79EFBC}") = "ProductsAPI", "ProductsAPI.csproj", "{6F1E0C7B-9656-48A6-90C9-4897AE1120EB}"
EndProject
Project("{FAE04EC0-301F-11D3-BF4B-00C04F79EFBC}") = "ProductsAPI.Common", "..\ProductsAPI.Common\ProductsAPI.Common.csproj", "{E8D3D3CB-7DF2-4050-9DF6-C2140BFFEC93}"
EndProject
Project("{FAE04EC0-301F-11D3-BF4B-00C04F79EFBC}") = "ProductsAPI.Models", "..\ProductsAPI.Models\ProductsAPI.Models.csproj", "{B6245616-241B-4DE9-98E4-33CD4DA5361C}"
EndProject
Project("{FAE04EC0-301F-11D3-BF4B-00C04F79EFBC}") = "ProductsAPI.DataAccess", "..\ProductsAPI.DataAccess\ProductsAPI.DataAccess.csproj", "{D88CC435-CEBC-4595-A8B6-3CFD9E8933D9}"
EndProject
Global
	GlobalSection(SolutionConfigurationPlatforms) = preSolution
		Debug|Any CPU = Debug|Any CPU
		Release|Any CPU = Release|Any CPU
	EndGlobalSection
	GlobalSection(ProjectConfigurationPlatforms) = postSolution
		{6F1E0C7B-9656-48A6-90C9-4897AE1120EB}.Debug|Any CPU.ActiveCfg = Debug|Any CPU
		{6F1E0C7B-9656-48A6-90C9-4897AE1120EB}.Debug|Any CPU.Build.0 = Debug|Any CPU
		{6F1E0C7B-9656-48A6-90C9-4897AE1120EB}.Release|Any CPU.ActiveCfg = Release|Any CPU
		{6F1E0C7B-9656-48A6-90C9-4897AE1120EB}.Release|Any CPU.Build.0 = Release|Any CPU
		{E8D3D3CB-7DF2-4050-9DF6-C2140BFFEC93}.Debug|Any CPU.ActiveCfg = Debug|Any CPU
		{E8D3D3CB-7DF2-4050-9DF6-C2140BFFEC93}.Debug|Any CPU.Build.0 = Debug|Any CPU
		{E8D3D3CB-7DF2-4050-9DF6-C2140BFFEC93}.Release|Any CPU.ActiveCfg = Release|Any CPU
		{E8D3D3CB-7DF2-4050-9DF6-C2140BFFEC93}.Release|Any CPU.Build.0 = Release|Any CPU
		{B6245616-241B-4DE9-98E4-33CD4DA5361C}.Debug|Any CPU.ActiveCfg = Debug|Any CPU
		{B6245616-241B-4DE9-98E4-33CD4DA5361C}.Debug|Any CPU.Build.0 = Debug|Any CPU
		{B6245616-241B-4DE9-98E4-33CD4DA5361C}.Release|Any CPU.ActiveCfg = Release|Any CPU
		{B6245616-241B-4DE9-98E4-33CD4DA5361C}.Release|Any CPU.Build.0 = Release|Any CPU
		{D88CC435-CEBC-4595-A8B6-3CFD9E8933D9}.Debug|Any CPU.ActiveCfg = Debug|Any CPU
		{D88CC435-CEBC-4595-A8B6-3CFD9E8933D9}.Debug|Any CPU.Build.0 = Debug|Any CPU
		{D88CC435-CEBC-4595-A8B6-3CFD9E8933D9}.Release|Any CPU.ActiveCfg = Release|Any CPU
		{D88CC435-CEBC-4595-A8B6-3CFD9E8933D9}.Release|Any CPU.Build.0 = Release|Any CPU
	EndGlobalSection
	GlobalSection(SolutionProperties) = preSolution
		HideSolutionNode = FALSE
	EndGlobalSection
	GlobalSection(ExtensibilityGlobals) = postSolution
		SolutionGuid = {3AD7D14C-824D-4016-9429-F65781A4F5B2}
	EndGlobalSection
EndGlobal
